
Microsoft Visual Studio Solution File, Format Version 12.00
# Visual Studio Version 17
VisualStudioVersion = 17.11.35327.3
MinimumVisualStudioVersion = 10.0.40219.1
Project("{9A19103F-16F7-4668-BE54-9A1E7A4F7556}") = "LEB", "LEB\LEB.csproj", "{E45FB302-67C9-4778-B7C0-77B43A2A16AD}"
EndProject
Project("{FAE04EC0-301F-11D3-BF4B-00C04F79EFBC}") = "LEB_API", "LEB_API\LEB_API.csproj", "{23AD59E3-D038-49E5-97FA-385B9B978A6C}"
EndProject
Global
	GlobalSection(SolutionConfigurationPlatforms) = preSolution
		Debug|Any CPU = Debug|Any CPU
		Release|Any CPU = Release|Any CPU
	EndGlobalSection
	GlobalSection(ProjectConfigurationPlatforms) = postSolution
		{E45FB302-67C9-4778-B7C0-77B43A2A16AD}.Debug|Any CPU.ActiveCfg = Debug|Any CPU
		{E45FB302-67C9-4778-B7C0-77B43A2A16AD}.Debug|Any CPU.Build.0 = Debug|Any CPU
		{E45FB302-67C9-4778-B7C0-77B43A2A16AD}.Release|Any CPU.ActiveCfg = Release|Any CPU
		{E45FB302-67C9-4778-B7C0-77B43A2A16AD}.Release|Any CPU.Build.0 = Release|Any CPU
		{23AD59E3-D038-49E5-97FA-385B9B978A6C}.Debug|Any CPU.ActiveCfg = Debug|Any CPU
		{23AD59E3-D038-49E5-97FA-385B9B978A6C}.Debug|Any CPU.Build.0 = Debug|Any CPU
		{23AD59E3-D038-49E5-97FA-385B9B978A6C}.Release|Any CPU.ActiveCfg = Release|Any CPU
		{23AD59E3-D038-49E5-97FA-385B9B978A6C}.Release|Any CPU.Build.0 = Release|Any CPU
	EndGlobalSection
	GlobalSection(SolutionProperties) = preSolution
		HideSolutionNode = FALSE
	EndGlobalSection
	GlobalSection(ExtensibilityGlobals) = postSolution
		SolutionGuid = {6D61EA5D-B6D5-4424-9DB9-70FA8740AF34}
	EndGlobalSection
EndGlobal
